
Microsoft Visual Studio Solution File, Format Version 12.00
# Visual Studio Version 17
VisualStudioVersion = 17.10.35013.160
MinimumVisualStudioVersion = 10.0.40219.1
Project("{FAE04EC0-301F-11D3-BF4B-00C04F79EFBC}") = "Entities", "Entities\Entities.csproj", "{397052A9-43B0-43D5-B695-9A298225FCDA}"
EndProject
Project("{FAE04EC0-301F-11D3-BF4B-00C04F79EFBC}") = "Repositories", "Repositories\Repositories.csproj", "{20D2B562-2237-463F-A63B-43080DF734DC}"
EndProject
Project("{FAE04EC0-301F-11D3-BF4B-00C04F79EFBC}") = "Core", "Core\Core.csproj", "{DDAA4CC7-74A1-48E3-BB4D-422F0E2054C0}"
EndProject
Project("{FAE04EC0-301F-11D3-BF4B-00C04F79EFBC}") = "Business", "Business\Business.csproj", "{C1A97720-8789-4C79-AF89-338C856993D4}"
EndProject
Project("{FAE04EC0-301F-11D3-BF4B-00C04F79EFBC}") = "WebAPI", "WebAPI\WebAPI.csproj", "{91F4DE8E-60DB-413B-9652-667FAC6B0202}"
EndProject
Global
	GlobalSection(SolutionConfigurationPlatforms) = preSolution
		Debug|Any CPU = Debug|Any CPU
		Release|Any CPU = Release|Any CPU
	EndGlobalSection
	GlobalSection(ProjectConfigurationPlatforms) = postSolution
		{397052A9-43B0-43D5-B695-9A298225FCDA}.Debug|Any CPU.ActiveCfg = Debug|Any CPU
		{397052A9-43B0-43D5-B695-9A298225FCDA}.Debug|Any CPU.Build.0 = Debug|Any CPU
		{397052A9-43B0-43D5-B695-9A298225FCDA}.Release|Any CPU.ActiveCfg = Release|Any CPU
		{397052A9-43B0-43D5-B695-9A298225FCDA}.Release|Any CPU.Build.0 = Release|Any CPU
		{20D2B562-2237-463F-A63B-43080DF734DC}.Debug|Any CPU.ActiveCfg = Debug|Any CPU
		{20D2B562-2237-463F-A63B-43080DF734DC}.Debug|Any CPU.Build.0 = Debug|Any CPU
		{20D2B562-2237-463F-A63B-43080DF734DC}.Release|Any CPU.ActiveCfg = Release|Any CPU
		{20D2B562-2237-463F-A63B-43080DF734DC}.Release|Any CPU.Build.0 = Release|Any CPU
		{DDAA4CC7-74A1-48E3-BB4D-422F0E2054C0}.Debug|Any CPU.ActiveCfg = Debug|Any CPU
		{DDAA4CC7-74A1-48E3-BB4D-422F0E2054C0}.Debug|Any CPU.Build.0 = Debug|Any CPU
		{DDAA4CC7-74A1-48E3-BB4D-422F0E2054C0}.Release|Any CPU.ActiveCfg = Release|Any CPU
		{DDAA4CC7-74A1-48E3-BB4D-422F0E2054C0}.Release|Any CPU.Build.0 = Release|Any CPU
		{C1A97720-8789-4C79-AF89-338C856993D4}.Debug|Any CPU.ActiveCfg = Debug|Any CPU
		{C1A97720-8789-4C79-AF89-338C856993D4}.Debug|Any CPU.Build.0 = Debug|Any CPU
		{C1A97720-8789-4C79-AF89-338C856993D4}.Release|Any CPU.ActiveCfg = Release|Any CPU
		{C1A97720-8789-4C79-AF89-338C856993D4}.Release|Any CPU.Build.0 = Release|Any CPU
		{91F4DE8E-60DB-413B-9652-667FAC6B0202}.Debug|Any CPU.ActiveCfg = Debug|Any CPU
		{91F4DE8E-60DB-413B-9652-667FAC6B0202}.Debug|Any CPU.Build.0 = Debug|Any CPU
		{91F4DE8E-60DB-413B-9652-667FAC6B0202}.Release|Any CPU.ActiveCfg = Release|Any CPU
		{91F4DE8E-60DB-413B-9652-667FAC6B0202}.Release|Any CPU.Build.0 = Release|Any CPU
	EndGlobalSection
	GlobalSection(SolutionProperties) = preSolution
		HideSolutionNode = FALSE
	EndGlobalSection
	GlobalSection(ExtensibilityGlobals) = postSolution
		SolutionGuid = {A39C0583-74D5-43CF-87D2-3310768B7A1B}
	EndGlobalSection
EndGlobal
